// !$*UTF8*$!
{
	archiveVersion = 1;
	classes = {
	};
	objectVersion = 46;
	objects = {

/* Begin PBXBuildFile section */
		DA11218F1C78791400A1A224 /* Interface.storyboard in Resources */ = {isa = PBXBuildFile; fileRef = DA11218D1C78791400A1A224 /* Interface.storyboard */; };
		DA1121911C78791400A1A224 /* Assets.xcassets in Resources */ = {isa = PBXBuildFile; fileRef = DA1121901C78791400A1A224 /* Assets.xcassets */; };
		DA1121981C78791400A1A224 /* PizzApp-iWatch Extension.appex in Embed App Extensions */ = {isa = PBXBuildFile; fileRef = DA1121971C78791400A1A224 /* PizzApp-iWatch Extension.appex */; settings = {ATTRIBUTES = (RemoveHeadersOnCopy, ); }; };
		DA11219D1C78791400A1A224 /* InterfaceController.swift in Sources */ = {isa = PBXBuildFile; fileRef = DA11219C1C78791400A1A224 /* InterfaceController.swift */; };
		DA11219F1C78791400A1A224 /* ExtensionDelegate.swift in Sources */ = {isa = PBXBuildFile; fileRef = DA11219E1C78791400A1A224 /* ExtensionDelegate.swift */; };
		DA1121A11C78791400A1A224 /* Assets.xcassets in Resources */ = {isa = PBXBuildFile; fileRef = DA1121A01C78791400A1A224 /* Assets.xcassets */; };
		DA1121A51C78791400A1A224 /* PizzApp-iWatch.app in Embed Watch Content */ = {isa = PBXBuildFile; fileRef = DA11218B1C78791400A1A224 /* PizzApp-iWatch.app */; };
		DA1121AF1C787CA000A1A224 /* InterfaceController2.swift in Sources */ = {isa = PBXBuildFile; fileRef = DA1121AE1C787CA000A1A224 /* InterfaceController2.swift */; };
		DA1121B11C787DF800A1A224 /* InterfaceController3.swift in Sources */ = {isa = PBXBuildFile; fileRef = DA1121B01C787DF800A1A224 /* InterfaceController3.swift */; };
		DA1121B31C787EE000A1A224 /* InterfaceController4.swift in Sources */ = {isa = PBXBuildFile; fileRef = DA1121B21C787EE000A1A224 /* InterfaceController4.swift */; };
		DA1121B51C78807600A1A224 /* InterfaceController5.swift in Sources */ = {isa = PBXBuildFile; fileRef = DA1121B41C78807600A1A224 /* InterfaceController5.swift */; };
		DA1121B91C788E8F00A1A224 /* Datos.swift in Sources */ = {isa = PBXBuildFile; fileRef = DA1121B81C788E8F00A1A224 /* Datos.swift */; };
		DAD8C9651C79B0F50006A295 /* MyRowController.swift in Sources */ = {isa = PBXBuildFile; fileRef = DAD8C9641C79B0F50006A295 /* MyRowController.swift */; };
		DADFEAF81C64EBAF0014DD21 /* AppDelegate.swift in Sources */ = {isa = PBXBuildFile; fileRef = DADFEAF71C64EBAF0014DD21 /* AppDelegate.swift */; };
		DADFEAFA1C64EBAF0014DD21 /* ViewController.swift in Sources */ = {isa = PBXBuildFile; fileRef = DADFEAF91C64EBAF0014DD21 /* ViewController.swift */; };
		DADFEAFD1C64EBAF0014DD21 /* Main.storyboard in Resources */ = {isa = PBXBuildFile; fileRef = DADFEAFB1C64EBAF0014DD21 /* Main.storyboard */; };
		DADFEAFF1C64EBAF0014DD21 /* Assets.xcassets in Resources */ = {isa = PBXBuildFile; fileRef = DADFEAFE1C64EBAF0014DD21 /* Assets.xcassets */; };
		DADFEB021C64EBAF0014DD21 /* LaunchScreen.storyboard in Resources */ = {isa = PBXBuildFile; fileRef = DADFEB001C64EBAF0014DD21 /* LaunchScreen.storyboard */; };
		DADFEB0A1C64EE690014DD21 /* ViewController2.swift in Sources */ = {isa = PBXBuildFile; fileRef = DADFEB091C64EE690014DD21 /* ViewController2.swift */; };
		DADFEB0C1C64F2D00014DD21 /* Datos.swift in Sources */ = {isa = PBXBuildFile; fileRef = DADFEB0B1C64F2D00014DD21 /* Datos.swift */; };
		DADFEB0E1C6510490014DD21 /* ViewController3.swift in Sources */ = {isa = PBXBuildFile; fileRef = DADFEB0D1C6510490014DD21 /* ViewController3.swift */; };
		DAE923F91C676447005EE511 /* ViewController4.swift in Sources */ = {isa = PBXBuildFile; fileRef = DAE923F81C676447005EE511 /* ViewController4.swift */; };
		DAE923FB1C677658005EE511 /* ViewController5.swift in Sources */ = {isa = PBXBuildFile; fileRef = DAE923FA1C677658005EE511 /* ViewController5.swift */; };
		DAE923FD1C677AD1005EE511 /* ViewController6.swift in Sources */ = {isa = PBXBuildFile; fileRef = DAE923FC1C677AD1005EE511 /* ViewController6.swift */; };
/* End PBXBuildFile section */

/* Begin PBXContainerItemProxy section */
		DA1121991C78791400A1A224 /* PBXContainerItemProxy */ = {
			isa = PBXContainerItemProxy;
			containerPortal = DADFEAEC1C64EBAF0014DD21 /* Project object */;
			proxyType = 1;
			remoteGlobalIDString = DA1121961C78791400A1A224;
			remoteInfo = "PizzApp-iWatch Extension";
		};
		DA1121A31C78791400A1A224 /* PBXContainerItemProxy */ = {
			isa = PBXContainerItemProxy;
			containerPortal = DADFEAEC1C64EBAF0014DD21 /* Project object */;
			proxyType = 1;
			remoteGlobalIDString = DA11218A1C78791400A1A224;
			remoteInfo = "PizzApp-iWatch";
		};
/* End PBXContainerItemProxy section */

/* Begin PBXCopyFilesBuildPhase section */
		DA1121A91C78791400A1A224 /* Embed App Extensions */ = {
			isa = PBXCopyFilesBuildPhase;
			buildActionMask = 2147483647;
			dstPath = "";
			dstSubfolderSpec = 13;
			files = (
				DA1121981C78791400A1A224 /* PizzApp-iWatch Extension.appex in Embed App Extensions */,
			);
			name = "Embed App Extensions";
			runOnlyForDeploymentPostprocessing = 0;
		};
		DA1121AD1C78791400A1A224 /* Embed Watch Content */ = {
			isa = PBXCopyFilesBuildPhase;
			buildActionMask = 2147483647;
			dstPath = "$(CONTENTS_FOLDER_PATH)/Watch";
			dstSubfolderSpec = 16;
			files = (
				DA1121A51C78791400A1A224 /* PizzApp-iWatch.app in Embed Watch Content */,
			);
			name = "Embed Watch Content";
			runOnlyForDeploymentPostprocessing = 0;
		};
/* End PBXCopyFilesBuildPhase section */

/* Begin PBXFileReference section */
		DA11218B1C78791400A1A224 /* PizzApp-iWatch.app */ = {isa = PBXFileReference; explicitFileType = wrapper.application; includeInIndex = 0; path = "PizzApp-iWatch.app"; sourceTree = BUILT_PRODUCTS_DIR; };
		DA11218E1C78791400A1A224 /* Base */ = {isa = PBXFileReference; lastKnownFileType = file.storyboard; name = Base; path = Base.lproj/Interface.storyboard; sourceTree = "<group>"; };
		DA1121901C78791400A1A224 /* Assets.xcassets */ = {isa = PBXFileReference; lastKnownFileType = folder.assetcatalog; path = Assets.xcassets; sourceTree = "<group>"; };
		DA1121921C78791400A1A224 /* Info.plist */ = {isa = PBXFileReference; lastKnownFileType = text.plist.xml; path = Info.plist; sourceTree = "<group>"; };
		DA1121971C78791400A1A224 /* PizzApp-iWatch Extension.appex */ = {isa = PBXFileReference; explicitFileType = "wrapper.app-extension"; includeInIndex = 0; path = "PizzApp-iWatch Extension.appex"; sourceTree = BUILT_PRODUCTS_DIR; };
		DA11219C1C78791400A1A224 /* InterfaceController.swift */ = {isa = PBXFileReference; lastKnownFileType = sourcecode.swift; path = InterfaceController.swift; sourceTree = "<group>"; };
		DA11219E1C78791400A1A224 /* ExtensionDelegate.swift */ = {isa = PBXFileReference; lastKnownFileType = sourcecode.swift; path = ExtensionDelegate.swift; sourceTree = "<group>"; };
		DA1121A01C78791400A1A224 /* Assets.xcassets */ = {isa = PBXFileReference; lastKnownFileType = folder.assetcatalog; path = Assets.xcassets; sourceTree = "<group>"; };
		DA1121A21C78791400A1A224 /* Info.plist */ = {isa = PBXFileReference; lastKnownFileType = text.plist.xml; path = Info.plist; sourceTree = "<group>"; };
		DA1121AE1C787CA000A1A224 /* InterfaceController2.swift */ = {isa = PBXFileReference; fileEncoding = 4; lastKnownFileType = sourcecode.swift; path = InterfaceController2.swift; sourceTree = "<group>"; };
		DA1121B01C787DF800A1A224 /* InterfaceController3.swift */ = {isa = PBXFileReference; fileEncoding = 4; lastKnownFileType = sourcecode.swift; path = InterfaceController3.swift; sourceTree = "<group>"; };
		DA1121B21C787EE000A1A224 /* InterfaceController4.swift */ = {isa = PBXFileReference; fileEncoding = 4; lastKnownFileType = sourcecode.swift; path = InterfaceController4.swift; sourceTree = "<group>"; };
		DA1121B41C78807600A1A224 /* InterfaceController5.swift */ = {isa = PBXFileReference; fileEncoding = 4; lastKnownFileType = sourcecode.swift; path = InterfaceController5.swift; sourceTree = "<group>"; };
		DA1121B81C788E8F00A1A224 /* Datos.swift */ = {isa = PBXFileReference; fileEncoding = 4; lastKnownFileType = sourcecode.swift; path = Datos.swift; sourceTree = "<group>"; };
		DAD8C9641C79B0F50006A295 /* MyRowController.swift */ = {isa = PBXFileReference; fileEncoding = 4; lastKnownFileType = sourcecode.swift; path = MyRowController.swift; sourceTree = "<group>"; };
		DADFEAF41C64EBAF0014DD21 /* PizzApp.app */ = {isa = PBXFileReference; explicitFileType = wrapper.application; includeInIndex = 0; path = PizzApp.app; sourceTree = BUILT_PRODUCTS_DIR; };
		DADFEAF71C64EBAF0014DD21 /* AppDelegate.swift */ = {isa = PBXFileReference; lastKnownFileType = sourcecode.swift; path = AppDelegate.swift; sourceTree = "<group>"; };
		DADFEAF91C64EBAF0014DD21 /* ViewController.swift */ = {isa = PBXFileReference; lastKnownFileType = sourcecode.swift; path = ViewController.swift; sourceTree = "<group>"; };
		DADFEAFC1C64EBAF0014DD21 /* Base */ = {isa = PBXFileReference; lastKnownFileType = file.storyboard; name = Base; path = Base.lproj/Main.storyboard; sourceTree = "<group>"; };
		DADFEAFE1C64EBAF0014DD21 /* Assets.xcassets */ = {isa = PBXFileReference; lastKnownFileType = folder.assetcatalog; path = Assets.xcassets; sourceTree = "<group>"; };
		DADFEB011C64EBAF0014DD21 /* Base */ = {isa = PBXFileReference; lastKnownFileType = file.storyboard; name = Base; path = Base.lproj/LaunchScreen.storyboard; sourceTree = "<group>"; };
		DADFEB031C64EBAF0014DD21 /* Info.plist */ = {isa = PBXFileReference; lastKnownFileType = text.plist.xml; path = Info.plist; sourceTree = "<group>"; };
		DADFEB091C64EE690014DD21 /* ViewController2.swift */ = {isa = PBXFileReference; fileEncoding = 4; lastKnownFileType = sourcecode.swift; path = ViewController2.swift; sourceTree = "<group>"; };
		DADFEB0B1C64F2D00014DD21 /* Datos.swift */ = {isa = PBXFileReference; fileEncoding = 4; lastKnownFileType = sourcecode.swift; path = Datos.swift; sourceTree = "<group>"; };
		DADFEB0D1C6510490014DD21 /* ViewController3.swift */ = {isa = PBXFileReference; fileEncoding = 4; lastKnownFileType = sourcecode.swift; path = ViewController3.swift; sourceTree = "<group>"; };
		DAE923F81C676447005EE511 /* ViewController4.swift */ = {isa = PBXFileReference; fileEncoding = 4; lastKnownFileType = sourcecode.swift; path = ViewController4.swift; sourceTree = "<group>"; };
		DAE923FA1C677658005EE511 /* ViewController5.swift */ = {isa = PBXFileReference; fileEncoding = 4; lastKnownFileType = sourcecode.swift; path = ViewController5.swift; sourceTree = "<group>"; };
		DAE923FC1C677AD1005EE511 /* ViewController6.swift */ = {isa = PBXFileReference; fileEncoding = 4; lastKnownFileType = sourcecode.swift; path = ViewController6.swift; sourceTree = "<group>"; };
/* End PBXFileReference section */

/* Begin PBXFrameworksBuildPhase section */
		DA1121941C78791400A1A224 /* Frameworks */ = {
			isa = PBXFrameworksBuildPhase;
			buildActionMask = 2147483647;
			files = (
			);
			runOnlyForDeploymentPostprocessing = 0;
		};
		DADFEAF11C64EBAF0014DD21 /* Frameworks */ = {
			isa = PBXFrameworksBuildPhase;
			buildActionMask = 2147483647;
			files = (
			);
			runOnlyForDeploymentPostprocessing = 0;
		};
/* End PBXFrameworksBuildPhase section */

/* Begin PBXGroup section */
		DA11218C1C78791400A1A224 /* PizzApp-iWatch */ = {
			isa = PBXGroup;
			children = (
				DA11218D1C78791400A1A224 /* Interface.storyboard */,
				DA1121901C78791400A1A224 /* Assets.xcassets */,
				DA1121921C78791400A1A224 /* Info.plist */,
			);
			path = "PizzApp-iWatch";
			sourceTree = "<group>";
		};
		DA11219B1C78791400A1A224 /* PizzApp-iWatch Extension */ = {
			isa = PBXGroup;
			children = (
				DA11219C1C78791400A1A224 /* InterfaceController.swift */,
				DAD8C9641C79B0F50006A295 /* MyRowController.swift */,
				DA1121B81C788E8F00A1A224 /* Datos.swift */,
				DA1121AE1C787CA000A1A224 /* InterfaceController2.swift */,
				DA1121B01C787DF800A1A224 /* InterfaceController3.swift */,
				DA11219E1C78791400A1A224 /* ExtensionDelegate.swift */,
				DA1121A01C78791400A1A224 /* Assets.xcassets */,
				DA1121A21C78791400A1A224 /* Info.plist */,
				DA1121B21C787EE000A1A224 /* InterfaceController4.swift */,
				DA1121B41C78807600A1A224 /* InterfaceController5.swift */,
			);
			path = "PizzApp-iWatch Extension";
			sourceTree = "<group>";
		};
		DADFEAEB1C64EBAF0014DD21 = {
			isa = PBXGroup;
			children = (
				DADFEAF61C64EBAF0014DD21 /* PizzApp */,
				DA11218C1C78791400A1A224 /* PizzApp-iWatch */,
				DA11219B1C78791400A1A224 /* PizzApp-iWatch Extension */,
				DADFEAF51C64EBAF0014DD21 /* Products */,
			);
			sourceTree = "<group>";
		};
		DADFEAF51C64EBAF0014DD21 /* Products */ = {
			isa = PBXGroup;
			children = (
				DADFEAF41C64EBAF0014DD21 /* PizzApp.app */,
				DA11218B1C78791400A1A224 /* PizzApp-iWatch.app */,
				DA1121971C78791400A1A224 /* PizzApp-iWatch Extension.appex */,
			);
			name = Products;
			sourceTree = "<group>";
		};
		DADFEAF61C64EBAF0014DD21 /* PizzApp */ = {
			isa = PBXGroup;
			children = (
				DADFEAF71C64EBAF0014DD21 /* AppDelegate.swift */,
				DADFEAF91C64EBAF0014DD21 /* ViewController.swift */,
				DADFEAFB1C64EBAF0014DD21 /* Main.storyboard */,
				DAE923FC1C677AD1005EE511 /* ViewController6.swift */,
				DAE923FA1C677658005EE511 /* ViewController5.swift */,
				DAE923F81C676447005EE511 /* ViewController4.swift */,
				DADFEB0D1C6510490014DD21 /* ViewController3.swift */,
				DADFEB0B1C64F2D00014DD21 /* Datos.swift */,
				DADFEB091C64EE690014DD21 /* ViewController2.swift */,
				DADFEAFE1C64EBAF0014DD21 /* Assets.xcassets */,
				DADFEB001C64EBAF0014DD21 /* LaunchScreen.storyboard */,
				DADFEB031C64EBAF0014DD21 /* Info.plist */,
			);
			path = PizzApp;
			sourceTree = "<group>";
		};
/* End PBXGroup section */

/* Begin PBXNativeTarget section */
		DA11218A1C78791400A1A224 /* PizzApp-iWatch */ = {
			isa = PBXNativeTarget;
			buildConfigurationList = DA1121AA1C78791400A1A224 /* Build configuration list for PBXNativeTarget "PizzApp-iWatch" */;
			buildPhases = (
				DA1121891C78791400A1A224 /* Resources */,
				DA1121A91C78791400A1A224 /* Embed App Extensions */,
			);
			buildRules = (
			);
			dependencies = (
				DA11219A1C78791400A1A224 /* PBXTargetDependency */,
			);
			name = "PizzApp-iWatch";
			productName = "PizzApp-iWatch";
			productReference = DA11218B1C78791400A1A224 /* PizzApp-iWatch.app */;
			productType = "com.apple.product-type.application.watchapp2";
		};
		DA1121961C78791400A1A224 /* PizzApp-iWatch Extension */ = {
			isa = PBXNativeTarget;
			buildConfigurationList = DA1121A61C78791400A1A224 /* Build configuration list for PBXNativeTarget "PizzApp-iWatch Extension" */;
			buildPhases = (
				DA1121931C78791400A1A224 /* Sources */,
				DA1121941C78791400A1A224 /* Frameworks */,
				DA1121951C78791400A1A224 /* Resources */,
			);
			buildRules = (
			);
			dependencies = (
			);
			name = "PizzApp-iWatch Extension";
			productName = "PizzApp-iWatch Extension";
			productReference = DA1121971C78791400A1A224 /* PizzApp-iWatch Extension.appex */;
			productType = "com.apple.product-type.watchkit2-extension";
		};
		DADFEAF31C64EBAF0014DD21 /* PizzApp */ = {
			isa = PBXNativeTarget;
			buildConfigurationList = DADFEB061C64EBAF0014DD21 /* Build configuration list for PBXNativeTarget "PizzApp" */;
			buildPhases = (
				DADFEAF01C64EBAF0014DD21 /* Sources */,
				DADFEAF11C64EBAF0014DD21 /* Frameworks */,
				DADFEAF21C64EBAF0014DD21 /* Resources */,
				DA1121AD1C78791400A1A224 /* Embed Watch Content */,
			);
			buildRules = (
			);
			dependencies = (
				DA1121A41C78791400A1A224 /* PBXTargetDependency */,
			);
			name = PizzApp;
			productName = PizzApp;
			productReference = DADFEAF41C64EBAF0014DD21 /* PizzApp.app */;
			productType = "com.apple.product-type.application";
		};
/* End PBXNativeTarget section */

/* Begin PBXProject section */
		DADFEAEC1C64EBAF0014DD21 /* Project object */ = {
			isa = PBXProject;
			attributes = {
				LastSwiftUpdateCheck = 0720;
				LastUpgradeCheck = 0720;
				ORGANIZATIONNAME = "Mikel Aguirre";
				TargetAttributes = {
					DA11218A1C78791400A1A224 = {
						CreatedOnToolsVersion = 7.2.1;
					};
					DA1121961C78791400A1A224 = {
						CreatedOnToolsVersion = 7.2.1;
					};
					DADFEAF31C64EBAF0014DD21 = {
						CreatedOnToolsVersion = 7.2.1;
					};
				};
			};
			buildConfigurationList = DADFEAEF1C64EBAF0014DD21 /* Build configuration list for PBXProject "PizzApp" */;
			compatibilityVersion = "Xcode 3.2";
			developmentRegion = English;
			hasScannedForEncodings = 0;
			knownRegions = (
				en,
				Base,
			);
			mainGroup = DADFEAEB1C64EBAF0014DD21;
			productRefGroup = DADFEAF51C64EBAF0014DD21 /* Products */;
			projectDirPath = "";
			projectRoot = "";
			targets = (
				DADFEAF31C64EBAF0014DD21 /* PizzApp */,
				DA11218A1C78791400A1A224 /* PizzApp-iWatch */,
				DA1121961C78791400A1A224 /* PizzApp-iWatch Extension */,
			);
		};
/* End PBXProject section */

/* Begin PBXResourcesBuildPhase section */
		DA1121891C78791400A1A224 /* Resources */ = {
			isa = PBXResourcesBuildPhase;
			buildActionMask = 2147483647;
			files = (
				DA1121911C78791400A1A224 /* Assets.xcassets in Resources */,
				DA11218F1C78791400A1A224 /* Interface.storyboard in Resources */,
			);
			runOnlyForDeploymentPostprocessing = 0;
		};
		DA1121951C78791400A1A224 /* Resources */ = {
			isa = PBXResourcesBuildPhase;
			buildActionMask = 2147483647;
			files = (
				DA1121A11C78791400A1A224 /* Assets.xcassets in Resources */,
			);
			runOnlyForDeploymentPostprocessing = 0;
		};
		DADFEAF21C64EBAF0014DD21 /* Resources */ = {
			isa = PBXResourcesBuildPhase;
			buildActionMask = 2147483647;
			files = (
				DADFEB021C64EBAF0014DD21 /* LaunchScreen.storyboard in Resources */,
				DADFEAFF1C64EBAF0014DD21 /* Assets.xcassets in Resources */,
				DADFEAFD1C64EBAF0014DD21 /* Main.storyboard in Resources */,
			);
			runOnlyForDeploymentPostprocessing = 0;
		};
/* End PBXResourcesBuildPhase section */

/* Begin PBXSourcesBuildPhase section */
		DA1121931C78791400A1A224 /* Sources */ = {
			isa = PBXSourcesBuildPhase;
			buildActionMask = 2147483647;
			files = (
				DA11219F1C78791400A1A224 /* ExtensionDelegate.swift in Sources */,
				DA1121B91C788E8F00A1A224 /* Datos.swift in Sources */,
				DAD8C9651C79B0F50006A295 /* MyRowController.swift in Sources */,
				DA1121B11C787DF800A1A224 /* InterfaceController3.swift in Sources */,
				DA11219D1C78791400A1A224 /* InterfaceController.swift in Sources */,
				DA1121AF1C787CA000A1A224 /* InterfaceController2.swift in Sources */,
				DA1121B31C787EE000A1A224 /* InterfaceController4.swift in Sources */,
				DA1121B51C78807600A1A224 /* InterfaceController5.swift in Sources */,
			);
			runOnlyForDeploymentPostprocessing = 0;
		};
		DADFEAF01C64EBAF0014DD21 /* Sources */ = {
			isa = PBXSourcesBuildPhase;
			buildActionMask = 2147483647;
			files = (
				DADFEB0E1C6510490014DD21 /* ViewController3.swift in Sources */,
				DAE923F91C676447005EE511 /* ViewController4.swift in Sources */,
				DADFEAFA1C64EBAF0014DD21 /* ViewController.swift in Sources */,
				DADFEB0C1C64F2D00014DD21 /* Datos.swift in Sources */,
				DADFEAF81C64EBAF0014DD21 /* AppDelegate.swift in Sources */,
				DAE923FD1C677AD1005EE511 /* ViewController6.swift in Sources */,
				DADFEB0A1C64EE690014DD21 /* ViewController2.swift in Sources */,
				DAE923FB1C677658005EE511 /* ViewController5.swift in Sources */,
			);
			runOnlyForDeploymentPostprocessing = 0;
		};
/* End PBXSourcesBuildPhase section */

/* Begin PBXTargetDependency section */
		DA11219A1C78791400A1A224 /* PBXTargetDependency */ = {
			isa = PBXTargetDependency;
			target = DA1121961C78791400A1A224 /* PizzApp-iWatch Extension */;
			targetProxy = DA1121991C78791400A1A224 /* PBXContainerItemProxy */;
		};
		DA1121A41C78791400A1A224 /* PBXTargetDependency */ = {
			isa = PBXTargetDependency;
			target = DA11218A1C78791400A1A224 /* PizzApp-iWatch */;
			targetProxy = DA1121A31C78791400A1A224 /* PBXContainerItemProxy */;
		};
/* End PBXTargetDependency section */

/* Begin PBXVariantGroup section */
		DA11218D1C78791400A1A224 /* Interface.storyboard */ = {
			isa = PBXVariantGroup;
			children = (
				DA11218E1C78791400A1A224 /* Base */,
			);
			name = Interface.storyboard;
			sourceTree = "<group>";
		};
		DADFEAFB1C64EBAF0014DD21 /* Main.storyboard */ = {
			isa = PBXVariantGroup;
			children = (
				DADFEAFC1C64EBAF0014DD21 /* Base */,
			);
			name = Main.storyboard;
			sourceTree = "<group>";
		};
		DADFEB001C64EBAF0014DD21 /* LaunchScreen.storyboard */ = {
			isa = PBXVariantGroup;
			children = (
				DADFEB011C64EBAF0014DD21 /* Base */,
			);
			name = LaunchScreen.storyboard;
			sourceTree = "<group>";
		};
/* End PBXVariantGroup section */

/* Begin XCBuildConfiguration section */
		DA1121A71C78791400A1A224 /* Debug */ = {
			isa = XCBuildConfiguration;
			buildSettings = {
				INFOPLIST_FILE = "PizzApp-iWatch Extension/Info.plist";
				LD_RUNPATH_SEARCH_PATHS = "$(inherited) @executable_path/Frameworks @executable_path/../../Frameworks";
				PRODUCT_BUNDLE_IDENTIFIER = MAZ.PizzApp.watchkitapp.watchkitextension;
				PRODUCT_NAME = "${TARGET_NAME}";
				SDKROOT = watchos;
				SKIP_INSTALL = YES;
				TARGETED_DEVICE_FAMILY = 4;
				WATCHOS_DEPLOYMENT_TARGET = 2.1;
			};
			name = Debug;
		};
		DA1121A81C78791400A1A224 /* Release */ = {
			isa = XCBuildConfiguration;
			buildSettings = {
				INFOPLIST_FILE = "PizzApp-iWatch Extension/Info.plist";
				LD_RUNPATH_SEARCH_PATHS = "$(inherited) @executable_path/Frameworks @executable_path/../../Frameworks";
				PRODUCT_BUNDLE_IDENTIFIER = MAZ.PizzApp.watchkitapp.watchkitextension;
				PRODUCT_NAME = "${TARGET_NAME}";
				SDKROOT = watchos;
				SKIP_INSTALL = YES;
				TARGETED_DEVICE_FAMILY = 4;
				WATCHOS_DEPLOYMENT_TARGET = 2.1;
			};
			name = Release;
		};
		DA1121AB1C78791400A1A224 /* Debug */ = {
			isa = XCBuildConfiguration;
			buildSettings = {
				ASSETCATALOG_COMPILER_APPICON_NAME = AppIcon;
				EMBEDDED_CONTENT_CONTAINS_SWIFT = YES;
				IBSC_MODULE = PizzApp_iWatch_Extension;
				INFOPLIST_FILE = "PizzApp-iWatch/Info.plist";
				PRODUCT_BUNDLE_IDENTIFIER = MAZ.PizzApp.watchkitapp;
				PRODUCT_NAME = "$(TARGET_NAME)";
				SDKROOT = watchos;
				SKIP_INSTALL = YES;
				TARGETED_DEVICE_FAMILY = 4;
				WATCHOS_DEPLOYMENT_TARGET = 2.1;
			};
			name = Debug;
		};
		DA1121AC1C78791400A1A224 /* Release */ = {
			isa = XCBuildConfiguration;
			buildSettings = {
				ASSETCATALOG_COMPILER_APPICON_NAME = AppIcon;
				EMBEDDED_CONTENT_CONTAINS_SWIFT = YES;
				IBSC_MODULE = PizzApp_iWatch_Extension;
				INFOPLIST_FILE = "PizzApp-iWatch/Info.plist";
				PRODUCT_BUNDLE_IDENTIFIER = MAZ.PizzApp.watchkitapp;
				PRODUCT_NAME = "$(TARGET_NAME)";
				SDKROOT = watchos;
				SKIP_INSTALL = YES;
				TARGETED_DEVICE_FAMILY = 4;
				WATCHOS_DEPLOYMENT_TARGET = 2.1;
			};
			name = Release;
		};
		DADFEB041C64EBAF0014DD21 /* Debug */ = {
			isa = XCBuildConfiguration;
			buildSettings = {
				ALWAYS_SEARCH_USER_PATHS = NO;
				CLANG_CXX_LANGUAGE_STANDARD = "gnu++0x";
				CLANG_CXX_LIBRARY = "libc++";
				CLANG_ENABLE_MODULES = YES;
				CLANG_ENABLE_OBJC_ARC = YES;
				CLANG_WARN_BOOL_CONVERSION = YES;
				CLANG_WARN_CONSTANT_CONVERSION = YES;
				CLANG_WARN_DIRECT_OBJC_ISA_USAGE = YES_ERROR;
				CLANG_WARN_EMPTY_BODY = YES;
				CLANG_WARN_ENUM_CONVERSION = YES;
				CLANG_WARN_INT_CONVERSION = YES;
				CLANG_WARN_OBJC_ROOT_CLASS = YES_ERROR;
				CLANG_WARN_UNREACHABLE_CODE = YES;
				CLANG_WARN__DUPLICATE_METHOD_MATCH = YES;
				"CODE_SIGN_IDENTITY[sdk=iphoneos*]" = "iPhone Developer";
				COPY_PHASE_STRIP = NO;
				DEBUG_INFORMATION_FORMAT = dwarf;
				ENABLE_STRICT_OBJC_MSGSEND = YES;
				ENABLE_TESTABILITY = YES;
				GCC_C_LANGUAGE_STANDARD = gnu99;
				GCC_DYNAMIC_NO_PIC = NO;
				GCC_NO_COMMON_BLOCKS = YES;
				GCC_OPTIMIZATION_LEVEL = 0;
				GCC_PREPROCESSOR_DEFINITIONS = (
					"DEBUG=1",
					"$(inherited)",
				);
				GCC_WARN_64_TO_32_BIT_CONVERSION = YES;
				GCC_WARN_ABOUT_RETURN_TYPE = YES_ERROR;
				GCC_WARN_UNDECLARED_SELECTOR = YES;
				GCC_WARN_UNINITIALIZED_AUTOS = YES_AGGRESSIVE;
				GCC_WARN_UNUSED_FUNCTION = YES;
				GCC_WARN_UNUSED_VARIABLE = YES;
				IPHONEOS_DEPLOYMENT_TARGET = 9.2;
				MTL_ENABLE_DEBUG_INFO = YES;
				ONLY_ACTIVE_ARCH = YES;
				SDKROOT = iphoneos;
				SWIFT_OPTIMIZATION_LEVEL = "-Onone";
			};
			name = Debug;
		};
		DADFEB051C64EBAF0014DD21 /* Release */ = {
			isa = XCBuildConfiguration;
			buildSettings = {
				ALWAYS_SEARCH_USER_PATHS = NO;
				CLANG_CXX_LANGUAGE_STANDARD = "gnu++0x";
				CLANG_CXX_LIBRARY = "libc++";
				CLANG_ENABLE_MODULES = YES;
				CLANG_ENABLE_OBJC_ARC = YES;
				CLANG_WARN_BOOL_CONVERSION = YES;
				CLANG_WARN_CONSTANT_CONVERSION = YES;
				CLANG_WARN_DIRECT_OBJC_ISA_USAGE = YES_ERROR;
				CLANG_WARN_EMPTY_BODY = YES;
				CLANG_WARN_ENUM_CONVERSION = YES;
				CLANG_WARN_INT_CONVERSION = YES;
				CLANG_WARN_OBJC_ROOT_CLASS = YES_ERROR;
				CLANG_WARN_UNREACHABLE_CODE = YES;
				CLANG_WARN__DUPLICATE_METHOD_MATCH = YES;
				"CODE_SIGN_IDENTITY[sdk=iphoneos*]" = "iPhone Developer";
				COPY_PHASE_STRIP = NO;
				DEBUG_INFORMATION_FORMAT = "dwarf-with-dsym";
				ENABLE_NS_ASSERTIONS = NO;
				ENABLE_STRICT_OBJC_MSGSEND = YES;
				GCC_C_LANGUAGE_STANDARD = gnu99;
				GCC_NO_COMMON_BLOCKS = YES;
				GCC_WARN_64_TO_32_BIT_CONVERSION = YES;
				GCC_WARN_ABOUT_RETURN_TYPE = YES_ERROR;
				GCC_WARN_UNDECLARED_SELECTOR = YES;
				GCC_WARN_UNINITIALIZED_AUTOS = YES_AGGRESSIVE;
				GCC_WARN_UNUSED_FUNCTION = YES;
				GCC_WARN_UNUSED_VARIABLE = YES;
				IPHONEOS_DEPLOYMENT_TARGET = 9.2;
				MTL_ENABLE_DEBUG_INFO = NO;
				SDKROOT = iphoneos;
				VALIDATE_PRODUCT = YES;
			};
			name = Release;
		};
		DADFEB071C64EBAF0014DD21 /* Debug */ = {
			isa = XCBuildConfiguration;
			buildSettings = {
				INFOPLIST_FILE = PizzApp/Info.plist;
				LD_RUNPATH_SEARCH_PATHS = "$(inherited) @executable_path/Frameworks";
				PRODUCT_BUNDLE_IDENTIFIER = MAZ.PizzApp;
				PRODUCT_NAME = "$(TARGET_NAME)";
			};
			name = Debug;
		};
		DADFEB081C64EBAF0014DD21 /* Release */ = {
			isa = XCBuildConfiguration;
			buildSettings = {
				INFOPLIST_FILE = PizzApp/Info.plist;
				LD_RUNPATH_SEARCH_PATHS = "$(inherited) @executable_path/Frameworks";
				PRODUCT_BUNDLE_IDENTIFIER = MAZ.PizzApp;
				PRODUCT_NAME = "$(TARGET_NAME)";
			};
			name = Release;
		};
/* End XCBuildConfiguration section */

/* Begin XCConfigurationList section */
		DA1121A61C78791400A1A224 /* Build configuration list for PBXNativeTarget "PizzApp-iWatch Extension" */ = {
			isa = XCConfigurationList;
			buildConfigurations = (
				DA1121A71C78791400A1A224 /* Debug */,
				DA1121A81C78791400A1A224 /* Release */,
			);
			defaultConfigurationIsVisible = 0;
			defaultConfigurationName = Release;
		};
		DA1121AA1C78791400A1A224 /* Build configuration list for PBXNativeTarget "PizzApp-iWatch" */ = {
			isa = XCConfigurationList;
			buildConfigurations = (
				DA1121AB1C78791400A1A224 /* Debug */,
				DA1121AC1C78791400A1A224 /* Release */,
			);
			defaultConfigurationIsVisible = 0;
			defaultConfigurationName = Release;
		};
		DADFEAEF1C64EBAF0014DD21 /* Build configuration list for PBXProject "PizzApp" */ = {
			isa = XCConfigurationList;
			buildConfigurations = (
				DADFEB041C64EBAF0014DD21 /* Debug */,
				DADFEB051C64EBAF0014DD21 /* Release */,
			);
			defaultConfigurationIsVisible = 0;
			defaultConfigurationName = Release;
		};
		DADFEB061C64EBAF0014DD21 /* Build configuration list for PBXNativeTarget "PizzApp" */ = {
			isa = XCConfigurationList;
			buildConfigurations = (
				DADFEB071C64EBAF0014DD21 /* Debug */,
				DADFEB081C64EBAF0014DD21 /* Release */,
			);
			defaultConfigurationIsVisible = 0;
			defaultConfigurationName = Release;
		};
/* End XCConfigurationList section */
	};
	rootObject = DADFEAEC1C64EBAF0014DD21 /* Project object */;
}
